// !$*UTF8*$!
{
	archiveVersion = 1;
	classes = {
	};
	objectVersion = 46;
	objects = {

/* Begin PBXBuildFile section */
		99913E0A17CB8834004E8C2C /* UIKit.framework in Frameworks */ = {isa = PBXBuildFile; fileRef = 99913E0917CB8834004E8C2C /* UIKit.framework */; };
		99913E0C17CB8834004E8C2C /* Foundation.framework in Frameworks */ = {isa = PBXBuildFile; fileRef = 99913E0B17CB8834004E8C2C /* Foundation.framework */; };
		99913E0E17CB8834004E8C2C /* CoreGraphics.framework in Frameworks */ = {isa = PBXBuildFile; fileRef = 99913E0D17CB8834004E8C2C /* CoreGraphics.framework */; };
		99913E1417CB8834004E8C2C /* InfoPlist.strings in Resources */ = {isa = PBXBuildFile; fileRef = 99913E1217CB8834004E8C2C /* InfoPlist.strings */; };
		99913E1617CB8834004E8C2C /* main.m in Sources */ = {isa = PBXBuildFile; fileRef = 99913E1517CB8834004E8C2C /* main.m */; };
		99913E1A17CB8834004E8C2C /* TGRAppDelegate.m in Sources */ = {isa = PBXBuildFile; fileRef = 99913E1917CB8834004E8C2C /* TGRAppDelegate.m */; };
		99913E1C17CB8834004E8C2C /* Default.png in Resources */ = {isa = PBXBuildFile; fileRef = 99913E1B17CB8834004E8C2C /* Default.png */; };
		99913E1E17CB8834004E8C2C /* Default@2x.png in Resources */ = {isa = PBXBuildFile; fileRef = 99913E1D17CB8834004E8C2C /* Default@2x.png */; };
		99913E2017CB8834004E8C2C /* Default-568h@2x.png in Resources */ = {isa = PBXBuildFile; fileRef = 99913E1F17CB8834004E8C2C /* Default-568h@2x.png */; };
		99913E2317CB8834004E8C2C /* TGRMasterViewController.m in Sources */ = {isa = PBXBuildFile; fileRef = 99913E2217CB8834004E8C2C /* TGRMasterViewController.m */; };
		99913E2617CB8834004E8C2C /* TGRDetailViewController.m in Sources */ = {isa = PBXBuildFile; fileRef = 99913E2517CB8834004E8C2C /* TGRDetailViewController.m */; };
		99913E2917CB8834004E8C2C /* TGRMasterViewController.xib in Resources */ = {isa = PBXBuildFile; fileRef = 99913E2717CB8834004E8C2C /* TGRMasterViewController.xib */; };
		99913E2C17CB8834004E8C2C /* TGRDetailViewController.xib in Resources */ = {isa = PBXBuildFile; fileRef = 99913E2A17CB8834004E8C2C /* TGRDetailViewController.xib */; };
		99913E3417CB8835004E8C2C /* SenTestingKit.framework in Frameworks */ = {isa = PBXBuildFile; fileRef = 99913E3317CB8835004E8C2C /* SenTestingKit.framework */; };
		99913E3517CB8835004E8C2C /* UIKit.framework in Frameworks */ = {isa = PBXBuildFile; fileRef = 99913E0917CB8834004E8C2C /* UIKit.framework */; };
		99913E3617CB8835004E8C2C /* Foundation.framework in Frameworks */ = {isa = PBXBuildFile; fileRef = 99913E0B17CB8834004E8C2C /* Foundation.framework */; };
		99913E3E17CB8835004E8C2C /* InfoPlist.strings in Resources */ = {isa = PBXBuildFile; fileRef = 99913E3C17CB8835004E8C2C /* InfoPlist.strings */; };
		99913E4117CB8835004E8C2C /* ReadingListTests.m in Sources */ = {isa = PBXBuildFile; fileRef = 99913E4017CB8835004E8C2C /* ReadingListTests.m */; };
		99913E5E17CB8D69004E8C2C /* libOvercoat.a in Frameworks */ = {isa = PBXBuildFile; fileRef = 99913E5517CB8BED004E8C2C /* libOvercoat.a */; };
		99913E6017CB8D69004E8C2C /* libMantle.a in Frameworks */ = {isa = PBXBuildFile; fileRef = 99913E5F17CB8D69004E8C2C /* libMantle.a */; };
		99913E6217CB8D7C004E8C2C /* Security.framework in Frameworks */ = {isa = PBXBuildFile; fileRef = 99913E6117CB8D7C004E8C2C /* Security.framework */; };
		99913E6417CB8D84004E8C2C /* MobileCoreServices.framework in Frameworks */ = {isa = PBXBuildFile; fileRef = 99913E6317CB8D84004E8C2C /* MobileCoreServices.framework */; };
		99913E6617CB8D8E004E8C2C /* SystemConfiguration.framework in Frameworks */ = {isa = PBXBuildFile; fileRef = 99913E6517CB8D8E004E8C2C /* SystemConfiguration.framework */; };
/* End PBXBuildFile section */

/* Begin PBXContainerItemProxy section */
		99913E3717CB8835004E8C2C /* PBXContainerItemProxy */ = {
			isa = PBXContainerItemProxy;
			containerPortal = 99913DFE17CB8834004E8C2C /* Project object */;
			proxyType = 1;
			remoteGlobalIDString = 99913E0517CB8834004E8C2C;
			remoteInfo = ReadingList;
		};
		99913E5417CB8BED004E8C2C /* PBXContainerItemProxy */ = {
			isa = PBXContainerItemProxy;
			containerPortal = 99913E4A17CB8BEC004E8C2C /* Overcoat.xcodeproj */;
			proxyType = 2;
			remoteGlobalIDString = 99663E0F173BAD1D0090F0E6;
			remoteInfo = "Overcoat iOS";
		};
		99913E5617CB8BED004E8C2C /* PBXContainerItemProxy */ = {
			isa = PBXContainerItemProxy;
			containerPortal = 99913E4A17CB8BEC004E8C2C /* Overcoat.xcodeproj */;
			proxyType = 2;
			remoteGlobalIDString = 99663E20173BAD1D0090F0E6;
			remoteInfo = "Overcoat iOS Tests";
		};
		99913E5817CB8BED004E8C2C /* PBXContainerItemProxy */ = {
			isa = PBXContainerItemProxy;
			containerPortal = 99913E4A17CB8BEC004E8C2C /* Overcoat.xcodeproj */;
			proxyType = 2;
			remoteGlobalIDString = 994B286917463C9A003E487E;
			remoteInfo = "Overcoat Mac";
		};
		99913E5A17CB8BED004E8C2C /* PBXContainerItemProxy */ = {
			isa = PBXContainerItemProxy;
			containerPortal = 99913E4A17CB8BEC004E8C2C /* Overcoat.xcodeproj */;
			proxyType = 2;
			remoteGlobalIDString = 994B287F17463C9A003E487E;
			remoteInfo = "Overcoat Mac Tests";
		};
		99913E5C17CB8D45004E8C2C /* PBXContainerItemProxy */ = {
			isa = PBXContainerItemProxy;
			containerPortal = 99913E4A17CB8BEC004E8C2C /* Overcoat.xcodeproj */;
			proxyType = 1;
			remoteGlobalIDString = 99663E0E173BAD1D0090F0E6;
			remoteInfo = "Overcoat iOS";
		};
/* End PBXContainerItemProxy section */

/* Begin PBXFileReference section */
		99913E0617CB8834004E8C2C /* ReadingList.app */ = {isa = PBXFileReference; explicitFileType = wrapper.application; includeInIndex = 0; path = ReadingList.app; sourceTree = BUILT_PRODUCTS_DIR; };
		99913E0917CB8834004E8C2C /* UIKit.framework */ = {isa = PBXFileReference; lastKnownFileType = wrapper.framework; name = UIKit.framework; path = System/Library/Frameworks/UIKit.framework; sourceTree = SDKROOT; };
		99913E0B17CB8834004E8C2C /* Foundation.framework */ = {isa = PBXFileReference; lastKnownFileType = wrapper.framework; name = Foundation.framework; path = System/Library/Frameworks/Foundation.framework; sourceTree = SDKROOT; };
		99913E0D17CB8834004E8C2C /* CoreGraphics.framework */ = {isa = PBXFileReference; lastKnownFileType = wrapper.framework; name = CoreGraphics.framework; path = System/Library/Frameworks/CoreGraphics.framework; sourceTree = SDKROOT; };
		99913E1117CB8834004E8C2C /* ReadingList-Info.plist */ = {isa = PBXFileReference; lastKnownFileType = text.plist.xml; path = "ReadingList-Info.plist"; sourceTree = "<group>"; };
		99913E1317CB8834004E8C2C /* en */ = {isa = PBXFileReference; lastKnownFileType = text.plist.strings; name = en; path = en.lproj/InfoPlist.strings; sourceTree = "<group>"; };
		99913E1517CB8834004E8C2C /* main.m */ = {isa = PBXFileReference; lastKnownFileType = sourcecode.c.objc; path = main.m; sourceTree = "<group>"; };
		99913E1717CB8834004E8C2C /* ReadingList-Prefix.pch */ = {isa = PBXFileReference; lastKnownFileType = sourcecode.c.h; path = "ReadingList-Prefix.pch"; sourceTree = "<group>"; };
		99913E1817CB8834004E8C2C /* TGRAppDelegate.h */ = {isa = PBXFileReference; lastKnownFileType = sourcecode.c.h; path = TGRAppDelegate.h; sourceTree = "<group>"; };
		99913E1917CB8834004E8C2C /* TGRAppDelegate.m */ = {isa = PBXFileReference; lastKnownFileType = sourcecode.c.objc; path = TGRAppDelegate.m; sourceTree = "<group>"; };
		99913E1B17CB8834004E8C2C /* Default.png */ = {isa = PBXFileReference; lastKnownFileType = image.png; path = Default.png; sourceTree = "<group>"; };
		99913E1D17CB8834004E8C2C /* Default@2x.png */ = {isa = PBXFileReference; lastKnownFileType = image.png; path = "Default@2x.png"; sourceTree = "<group>"; };
		99913E1F17CB8834004E8C2C /* Default-568h@2x.png */ = {isa = PBXFileReference; lastKnownFileType = image.png; path = "Default-568h@2x.png"; sourceTree = "<group>"; };
		99913E2117CB8834004E8C2C /* TGRMasterViewController.h */ = {isa = PBXFileReference; lastKnownFileType = sourcecode.c.h; path = TGRMasterViewController.h; sourceTree = "<group>"; };
		99913E2217CB8834004E8C2C /* TGRMasterViewController.m */ = {isa = PBXFileReference; lastKnownFileType = sourcecode.c.objc; path = TGRMasterViewController.m; sourceTree = "<group>"; };
		99913E2417CB8834004E8C2C /* TGRDetailViewController.h */ = {isa = PBXFileReference; lastKnownFileType = sourcecode.c.h; path = TGRDetailViewController.h; sourceTree = "<group>"; };
		99913E2517CB8834004E8C2C /* TGRDetailViewController.m */ = {isa = PBXFileReference; lastKnownFileType = sourcecode.c.objc; path = TGRDetailViewController.m; sourceTree = "<group>"; };
		99913E2817CB8834004E8C2C /* en */ = {isa = PBXFileReference; lastKnownFileType = file.xib; name = en; path = en.lproj/TGRMasterViewController.xib; sourceTree = "<group>"; };
		99913E2B17CB8834004E8C2C /* en */ = {isa = PBXFileReference; lastKnownFileType = file.xib; name = en; path = en.lproj/TGRDetailViewController.xib; sourceTree = "<group>"; };
		99913E3217CB8835004E8C2C /* ReadingListTests.octest */ = {isa = PBXFileReference; explicitFileType = wrapper.cfbundle; includeInIndex = 0; path = ReadingListTests.octest; sourceTree = BUILT_PRODUCTS_DIR; };
		99913E3317CB8835004E8C2C /* SenTestingKit.framework */ = {isa = PBXFileReference; lastKnownFileType = wrapper.framework; name = SenTestingKit.framework; path = Library/Frameworks/SenTestingKit.framework; sourceTree = DEVELOPER_DIR; };
		99913E3B17CB8835004E8C2C /* ReadingListTests-Info.plist */ = {isa = PBXFileReference; lastKnownFileType = text.plist.xml; path = "ReadingListTests-Info.plist"; sourceTree = "<group>"; };
		99913E3D17CB8835004E8C2C /* en */ = {isa = PBXFileReference; lastKnownFileType = text.plist.strings; name = en; path = en.lproj/InfoPlist.strings; sourceTree = "<group>"; };
		99913E3F17CB8835004E8C2C /* ReadingListTests.h */ = {isa = PBXFileReference; lastKnownFileType = sourcecode.c.h; path = ReadingListTests.h; sourceTree = "<group>"; };
		99913E4017CB8835004E8C2C /* ReadingListTests.m */ = {isa = PBXFileReference; lastKnownFileType = sourcecode.c.objc; path = ReadingListTests.m; sourceTree = "<group>"; };
		99913E4A17CB8BEC004E8C2C /* Overcoat.xcodeproj */ = {isa = PBXFileReference; lastKnownFileType = "wrapper.pb-project"; name = Overcoat.xcodeproj; path = Overcoat/Overcoat.xcodeproj; sourceTree = "<group>"; };
		99913E5F17CB8D69004E8C2C /* libMantle.a */ = {isa = PBXFileReference; lastKnownFileType = file; name = libMantle.a; path = "Overcoat/Mantle/build/Release-iphoneos/libMantle.a"; sourceTree = "<group>"; };
		99913E6117CB8D7C004E8C2C /* Security.framework */ = {isa = PBXFileReference; lastKnownFileType = wrapper.framework; name = Security.framework; path = System/Library/Frameworks/Security.framework; sourceTree = SDKROOT; };
		99913E6317CB8D84004E8C2C /* MobileCoreServices.framework */ = {isa = PBXFileReference; lastKnownFileType = wrapper.framework; name = MobileCoreServices.framework; path = System/Library/Frameworks/MobileCoreServices.framework; sourceTree = SDKROOT; };
		99913E6517CB8D8E004E8C2C /* SystemConfiguration.framework */ = {isa = PBXFileReference; lastKnownFileType = wrapper.framework; name = SystemConfiguration.framework; path = System/Library/Frameworks/SystemConfiguration.framework; sourceTree = SDKROOT; };
/* End PBXFileReference section */

/* Begin PBXFrameworksBuildPhase section */
		99913E0317CB8834004E8C2C /* Frameworks */ = {
			isa = PBXFrameworksBuildPhase;
			buildActionMask = 2147483647;
			files = (
				99913E6017CB8D69004E8C2C /* libMantle.a in Frameworks */,
				99913E5E17CB8D69004E8C2C /* libOvercoat.a in Frameworks */,
				99913E6617CB8D8E004E8C2C /* SystemConfiguration.framework in Frameworks */,
				99913E6417CB8D84004E8C2C /* MobileCoreServices.framework in Frameworks */,
				99913E6217CB8D7C004E8C2C /* Security.framework in Frameworks */,
				99913E0A17CB8834004E8C2C /* UIKit.framework in Frameworks */,
				99913E0C17CB8834004E8C2C /* Foundation.framework in Frameworks */,
				99913E0E17CB8834004E8C2C /* CoreGraphics.framework in Frameworks */,
			);
			runOnlyForDeploymentPostprocessing = 0;
		};
		99913E2E17CB8835004E8C2C /* Frameworks */ = {
			isa = PBXFrameworksBuildPhase;
			buildActionMask = 2147483647;
			files = (
				99913E3417CB8835004E8C2C /* SenTestingKit.framework in Frameworks */,
				99913E3517CB8835004E8C2C /* UIKit.framework in Frameworks */,
				99913E3617CB8835004E8C2C /* Foundation.framework in Frameworks */,
			);
			runOnlyForDeploymentPostprocessing = 0;
		};
/* End PBXFrameworksBuildPhase section */

/* Begin PBXGroup section */
		99913DFD17CB8834004E8C2C = {
			isa = PBXGroup;
			children = (
				99913E0F17CB8834004E8C2C /* ReadingList */,
				99913E3917CB8835004E8C2C /* ReadingListTests */,
				99913E0817CB8834004E8C2C /* Frameworks */,
				99913E0717CB8834004E8C2C /* Products */,
			);
			sourceTree = "<group>";
		};
		99913E0717CB8834004E8C2C /* Products */ = {
			isa = PBXGroup;
			children = (
				99913E0617CB8834004E8C2C /* ReadingList.app */,
				99913E3217CB8835004E8C2C /* ReadingListTests.octest */,
			);
			name = Products;
			sourceTree = "<group>";
		};
		99913E0817CB8834004E8C2C /* Frameworks */ = {
			isa = PBXGroup;
			children = (
				99913E4A17CB8BEC004E8C2C /* Overcoat.xcodeproj */,
				99913E5F17CB8D69004E8C2C /* libMantle.a */,
				99913E6517CB8D8E004E8C2C /* SystemConfiguration.framework */,
				99913E6317CB8D84004E8C2C /* MobileCoreServices.framework */,
				99913E6117CB8D7C004E8C2C /* Security.framework */,
				99913E0917CB8834004E8C2C /* UIKit.framework */,
				99913E0B17CB8834004E8C2C /* Foundation.framework */,
				99913E0D17CB8834004E8C2C /* CoreGraphics.framework */,
				99913E3317CB8835004E8C2C /* SenTestingKit.framework */,
			);
			name = Frameworks;
			sourceTree = "<group>";
		};
		99913E0F17CB8834004E8C2C /* ReadingList */ = {
			isa = PBXGroup;
			children = (
				99913E1817CB8834004E8C2C /* TGRAppDelegate.h */,
				99913E1917CB8834004E8C2C /* TGRAppDelegate.m */,
				99913E2117CB8834004E8C2C /* TGRMasterViewController.h */,
				99913E2217CB8834004E8C2C /* TGRMasterViewController.m */,
				99913E2417CB8834004E8C2C /* TGRDetailViewController.h */,
				99913E2517CB8834004E8C2C /* TGRDetailViewController.m */,
				99913E2717CB8834004E8C2C /* TGRMasterViewController.xib */,
				99913E2A17CB8834004E8C2C /* TGRDetailViewController.xib */,
				99913E1017CB8834004E8C2C /* Supporting Files */,
			);
			path = ReadingList;
			sourceTree = "<group>";
		};
		99913E1017CB8834004E8C2C /* Supporting Files */ = {
			isa = PBXGroup;
			children = (
				99913E1117CB8834004E8C2C /* ReadingList-Info.plist */,
				99913E1217CB8834004E8C2C /* InfoPlist.strings */,
				99913E1517CB8834004E8C2C /* main.m */,
				99913E1717CB8834004E8C2C /* ReadingList-Prefix.pch */,
				99913E1B17CB8834004E8C2C /* Default.png */,
				99913E1D17CB8834004E8C2C /* Default@2x.png */,
				99913E1F17CB8834004E8C2C /* Default-568h@2x.png */,
			);
			name = "Supporting Files";
			sourceTree = "<group>";
		};
		99913E3917CB8835004E8C2C /* ReadingListTests */ = {
			isa = PBXGroup;
			children = (
				99913E3F17CB8835004E8C2C /* ReadingListTests.h */,
				99913E4017CB8835004E8C2C /* ReadingListTests.m */,
				99913E3A17CB8835004E8C2C /* Supporting Files */,
			);
			path = ReadingListTests;
			sourceTree = "<group>";
		};
		99913E3A17CB8835004E8C2C /* Supporting Files */ = {
			isa = PBXGroup;
			children = (
				99913E3B17CB8835004E8C2C /* ReadingListTests-Info.plist */,
				99913E3C17CB8835004E8C2C /* InfoPlist.strings */,
			);
			name = "Supporting Files";
			sourceTree = "<group>";
		};
		99913E4B17CB8BEC004E8C2C /* Products */ = {
			isa = PBXGroup;
			children = (
				99913E5517CB8BED004E8C2C /* libOvercoat.a */,
				99913E5717CB8BED004E8C2C /* Overcoat iOS Tests.octest */,
				99913E5917CB8BED004E8C2C /* Overcoat.framework */,
				99913E5B17CB8BED004E8C2C /* Overcoat Mac Tests.octest */,
			);
			name = Products;
			sourceTree = "<group>";
		};
/* End PBXGroup section */

/* Begin PBXNativeTarget section */
		99913E0517CB8834004E8C2C /* ReadingList */ = {
			isa = PBXNativeTarget;
			buildConfigurationList = 99913E4417CB8835004E8C2C /* Build configuration list for PBXNativeTarget "ReadingList" */;
			buildPhases = (
				99913E0217CB8834004E8C2C /* Sources */,
				99913E0317CB8834004E8C2C /* Frameworks */,
				99913E0417CB8834004E8C2C /* Resources */,
			);
			buildRules = (
			);
			dependencies = (
				99913E5D17CB8D45004E8C2C /* PBXTargetDependency */,
			);
			name = ReadingList;
			productName = ReadingList;
			productReference = 99913E0617CB8834004E8C2C /* ReadingList.app */;
			productType = "com.apple.product-type.application";
		};
		99913E3117CB8835004E8C2C /* ReadingListTests */ = {
			isa = PBXNativeTarget;
			buildConfigurationList = 99913E4717CB8835004E8C2C /* Build configuration list for PBXNativeTarget "ReadingListTests" */;
			buildPhases = (
				99913E2D17CB8835004E8C2C /* Sources */,
				99913E2E17CB8835004E8C2C /* Frameworks */,
				99913E2F17CB8835004E8C2C /* Resources */,
				99913E3017CB8835004E8C2C /* ShellScript */,
			);
			buildRules = (
			);
			dependencies = (
				99913E3817CB8835004E8C2C /* PBXTargetDependency */,
			);
			name = ReadingListTests;
			productName = ReadingListTests;
			productReference = 99913E3217CB8835004E8C2C /* ReadingListTests.octest */;
			productType = "com.apple.product-type.bundle";
		};
/* End PBXNativeTarget section */

/* Begin PBXProject section */
		99913DFE17CB8834004E8C2C /* Project object */ = {
			isa = PBXProject;
			attributes = {
				CLASSPREFIX = TGR;
				LastUpgradeCheck = 0460;
				ORGANIZATIONNAME = "Guillermo Gonzalez";
			};
			buildConfigurationList = 99913E0117CB8834004E8C2C /* Build configuration list for PBXProject "ReadingList" */;
			compatibilityVersion = "Xcode 3.2";
			developmentRegion = English;
			hasScannedForEncodings = 0;
			knownRegions = (
				en,
			);
			mainGroup = 99913DFD17CB8834004E8C2C;
			productRefGroup = 99913E0717CB8834004E8C2C /* Products */;
			projectDirPath = "";
			projectReferences = (
				{
					ProductGroup = 99913E4B17CB8BEC004E8C2C /* Products */;
					ProjectRef = 99913E4A17CB8BEC004E8C2C /* Overcoat.xcodeproj */;
				},
			);
			projectRoot = "";
			targets = (
				99913E0517CB8834004E8C2C /* ReadingList */,
				99913E3117CB8835004E8C2C /* ReadingListTests */,
			);
		};
/* End PBXProject section */

/* Begin PBXReferenceProxy section */
		99913E5517CB8BED004E8C2C /* libOvercoat.a */ = {
			isa = PBXReferenceProxy;
			fileType = archive.ar;
			path = libOvercoat.a;
			remoteRef = 99913E5417CB8BED004E8C2C /* PBXContainerItemProxy */;
			sourceTree = BUILT_PRODUCTS_DIR;
		};
		99913E5717CB8BED004E8C2C /* Overcoat iOS Tests.octest */ = {
			isa = PBXReferenceProxy;
			fileType = wrapper.cfbundle;
			path = "Overcoat iOS Tests.octest";
			remoteRef = 99913E5617CB8BED004E8C2C /* PBXContainerItemProxy */;
			sourceTree = BUILT_PRODUCTS_DIR;
		};
		99913E5917CB8BED004E8C2C /* Overcoat.framework */ = {
			isa = PBXReferenceProxy;
			fileType = wrapper.framework;
			path = Overcoat.framework;
			remoteRef = 99913E5817CB8BED004E8C2C /* PBXContainerItemProxy */;
			sourceTree = BUILT_PRODUCTS_DIR;
		};
		99913E5B17CB8BED004E8C2C /* Overcoat Mac Tests.octest */ = {
			isa = PBXReferenceProxy;
			fileType = wrapper.cfbundle;
			path = "Overcoat Mac Tests.octest";
			remoteRef = 99913E5A17CB8BED004E8C2C /* PBXContainerItemProxy */;
			sourceTree = BUILT_PRODUCTS_DIR;
		};
/* End PBXReferenceProxy section */

/* Begin PBXResourcesBuildPhase section */
		99913E0417CB8834004E8C2C /* Resources */ = {
			isa = PBXResourcesBuildPhase;
			buildActionMask = 2147483647;
			files = (
				99913E1417CB8834004E8C2C /* InfoPlist.strings in Resources */,
				99913E1C17CB8834004E8C2C /* Default.png in Resources */,
				99913E1E17CB8834004E8C2C /* Default@2x.png in Resources */,
				99913E2017CB8834004E8C2C /* Default-568h@2x.png in Resources */,
				99913E2917CB8834004E8C2C /* TGRMasterViewController.xib in Resources */,
				99913E2C17CB8834004E8C2C /* TGRDetailViewController.xib in Resources */,
			);
			runOnlyForDeploymentPostprocessing = 0;
		};
		99913E2F17CB8835004E8C2C /* Resources */ = {
			isa = PBXResourcesBuildPhase;
			buildActionMask = 2147483647;
			files = (
				99913E3E17CB8835004E8C2C /* InfoPlist.strings in Resources */,
			);
			runOnlyForDeploymentPostprocessing = 0;
		};
/* End PBXResourcesBuildPhase section */

/* Begin PBXShellScriptBuildPhase section */
		99913E3017CB8835004E8C2C /* ShellScript */ = {
			isa = PBXShellScriptBuildPhase;
			buildActionMask = 2147483647;
			files = (
			);
			inputPaths = (
			);
			outputPaths = (
			);
			runOnlyForDeploymentPostprocessing = 0;
			shellPath = /bin/sh;
			shellScript = "# Run the unit tests in this test bundle.\n\"${SYSTEM_DEVELOPER_DIR}/Tools/RunUnitTests\"\n";
		};
/* End PBXShellScriptBuildPhase section */

/* Begin PBXSourcesBuildPhase section */
		99913E0217CB8834004E8C2C /* Sources */ = {
			isa = PBXSourcesBuildPhase;
			buildActionMask = 2147483647;
			files = (
				99913E1617CB8834004E8C2C /* main.m in Sources */,
				99913E1A17CB8834004E8C2C /* TGRAppDelegate.m in Sources */,
				99913E2317CB8834004E8C2C /* TGRMasterViewController.m in Sources */,
				99913E2617CB8834004E8C2C /* TGRDetailViewController.m in Sources */,
			);
			runOnlyForDeploymentPostprocessing = 0;
		};
		99913E2D17CB8835004E8C2C /* Sources */ = {
			isa = PBXSourcesBuildPhase;
			buildActionMask = 2147483647;
			files = (
				99913E4117CB8835004E8C2C /* ReadingListTests.m in Sources */,
			);
			runOnlyForDeploymentPostprocessing = 0;
		};
/* End PBXSourcesBuildPhase section */

/* Begin PBXTargetDependency section */
		99913E3817CB8835004E8C2C /* PBXTargetDependency */ = {
			isa = PBXTargetDependency;
			target = 99913E0517CB8834004E8C2C /* ReadingList */;
			targetProxy = 99913E3717CB8835004E8C2C /* PBXContainerItemProxy */;
		};
		99913E5D17CB8D45004E8C2C /* PBXTargetDependency */ = {
			isa = PBXTargetDependency;
			name = "Overcoat iOS";
			targetProxy = 99913E5C17CB8D45004E8C2C /* PBXContainerItemProxy */;
		};
/* End PBXTargetDependency section */

/* Begin PBXVariantGroup section */
		99913E1217CB8834004E8C2C /* InfoPlist.strings */ = {
			isa = PBXVariantGroup;
			children = (
				99913E1317CB8834004E8C2C /* en */,
			);
			name = InfoPlist.strings;
			sourceTree = "<group>";
		};
		99913E2717CB8834004E8C2C /* TGRMasterViewController.xib */ = {
			isa = PBXVariantGroup;
			children = (
				99913E2817CB8834004E8C2C /* en */,
			);
			name = TGRMasterViewController.xib;
			sourceTree = "<group>";
		};
		99913E2A17CB8834004E8C2C /* TGRDetailViewController.xib */ = {
			isa = PBXVariantGroup;
			children = (
				99913E2B17CB8834004E8C2C /* en */,
			);
			name = TGRDetailViewController.xib;
			sourceTree = "<group>";
		};
		99913E3C17CB8835004E8C2C /* InfoPlist.strings */ = {
			isa = PBXVariantGroup;
			children = (
				99913E3D17CB8835004E8C2C /* en */,
			);
			name = InfoPlist.strings;
			sourceTree = "<group>";
		};
/* End PBXVariantGroup section */

/* Begin XCBuildConfiguration section */
		99913E4217CB8835004E8C2C /* Debug */ = {
			isa = XCBuildConfiguration;
			buildSettings = {
				ALWAYS_SEARCH_USER_PATHS = NO;
				CLANG_CXX_LANGUAGE_STANDARD = "gnu++0x";
				CLANG_CXX_LIBRARY = "libc++";
				CLANG_ENABLE_OBJC_ARC = YES;
				CLANG_WARN_CONSTANT_CONVERSION = YES;
				CLANG_WARN_EMPTY_BODY = YES;
				CLANG_WARN_ENUM_CONVERSION = YES;
				CLANG_WARN_INT_CONVERSION = YES;
				CLANG_WARN__DUPLICATE_METHOD_MATCH = YES;
				"CODE_SIGN_IDENTITY[sdk=iphoneos*]" = "iPhone Developer";
				COPY_PHASE_STRIP = NO;
				GCC_C_LANGUAGE_STANDARD = gnu99;
				GCC_DYNAMIC_NO_PIC = NO;
				GCC_OPTIMIZATION_LEVEL = 0;
				GCC_PREPROCESSOR_DEFINITIONS = (
					"DEBUG=1",
					"$(inherited)",
				);
				GCC_SYMBOLS_PRIVATE_EXTERN = NO;
				GCC_WARN_ABOUT_RETURN_TYPE = YES;
				GCC_WARN_UNINITIALIZED_AUTOS = YES;
				GCC_WARN_UNUSED_VARIABLE = YES;
				HEADER_SEARCH_PATHS = (
					"Overcoat/AFNetworking/**",
					"$(inherited)",
				);
				IPHONEOS_DEPLOYMENT_TARGET = 6.1;
				ONLY_ACTIVE_ARCH = YES;
				SDKROOT = iphoneos;
			};
			name = Debug;
		};
		99913E4317CB8835004E8C2C /* Release */ = {
			isa = XCBuildConfiguration;
			buildSettings = {
				ALWAYS_SEARCH_USER_PATHS = NO;
				CLANG_CXX_LANGUAGE_STANDARD = "gnu++0x";
				CLANG_CXX_LIBRARY = "libc++";
				CLANG_ENABLE_OBJC_ARC = YES;
				CLANG_WARN_CONSTANT_CONVERSION = YES;
				CLANG_WARN_EMPTY_BODY = YES;
				CLANG_WARN_ENUM_CONVERSION = YES;
				CLANG_WARN_INT_CONVERSION = YES;
				CLANG_WARN__DUPLICATE_METHOD_MATCH = YES;
				"CODE_SIGN_IDENTITY[sdk=iphoneos*]" = "iPhone Developer";
				COPY_PHASE_STRIP = YES;
				GCC_C_LANGUAGE_STANDARD = gnu99;
				GCC_WARN_ABOUT_RETURN_TYPE = YES;
				GCC_WARN_UNINITIALIZED_AUTOS = YES;
				GCC_WARN_UNUSED_VARIABLE = YES;
				HEADER_SEARCH_PATHS = (
					"Overcoat/AFNetworking/**",
					"$(inherited)",
				);
				IPHONEOS_DEPLOYMENT_TARGET = 6.1;
				OTHER_CFLAGS = "-DNS_BLOCK_ASSERTIONS=1";
				SDKROOT = iphoneos;
				VALIDATE_PRODUCT = YES;
			};
			name = Release;
		};
		99913E4517CB8835004E8C2C /* Debug */ = {
			isa = XCBuildConfiguration;
			buildSettings = {
				GCC_PRECOMPILE_PREFIX_HEADER = YES;
				GCC_PREFIX_HEADER = "ReadingList/ReadingList-Prefix.pch";
				INFOPLIST_FILE = "ReadingList/ReadingList-Info.plist";
				PRODUCT_NAME = "$(TARGET_NAME)";
				WRAPPER_EXTENSION = app;
			};
			name = Debug;
		};
		99913E4617CB8835004E8C2C /* Release */ = {
			isa = XCBuildConfiguration;
			buildSettings = {
				GCC_PRECOMPILE_PREFIX_HEADER = YES;
				GCC_PREFIX_HEADER = "ReadingList/ReadingList-Prefix.pch";
				INFOPLIST_FILE = "ReadingList/ReadingList-Info.plist";
				PRODUCT_NAME = "$(TARGET_NAME)";
				WRAPPER_EXTENSION = app;
			};
			name = Release;
		};
		99913E4817CB8835004E8C2C /* Debug */ = {
			isa = XCBuildConfiguration;
			buildSettings = {
				BUNDLE_LOADER = "$(BUILT_PRODUCTS_DIR)/ReadingList.app/ReadingList";
				FRAMEWORK_SEARCH_PATHS = (
					"\"$(SDKROOT)/Developer/Library/Frameworks\"",
					"\"$(DEVELOPER_LIBRARY_DIR)/Frameworks\"",
				);
				GCC_PRECOMPILE_PREFIX_HEADER = YES;
				GCC_PREFIX_HEADER = "ReadingList/ReadingList-Prefix.pch";
				INFOPLIST_FILE = "ReadingListTests/ReadingListTests-Info.plist";
				PRODUCT_NAME = "$(TARGET_NAME)";
				TEST_HOST = "$(BUNDLE_LOADER)";
				WRAPPER_EXTENSION = octest;
			};
			name = Debug;
		};
		99913E4917CB8835004E8C2C /* Release */ = {
			isa = XCBuildConfiguration;
			buildSettings = {
				BUNDLE_LOADER = "$(BUILT_PRODUCTS_DIR)/ReadingList.app/ReadingList";
				FRAMEWORK_SEARCH_PATHS = (
					"\"$(SDKROOT)/Developer/Library/Frameworks\"",
					"\"$(DEVELOPER_LIBRARY_DIR)/Frameworks\"",
				);
				GCC_PRECOMPILE_PREFIX_HEADER = YES;
				GCC_PREFIX_HEADER = "ReadingList/ReadingList-Prefix.pch";
				INFOPLIST_FILE = "ReadingListTests/ReadingListTests-Info.plist";
				PRODUCT_NAME = "$(TARGET_NAME)";
				TEST_HOST = "$(BUNDLE_LOADER)";
				WRAPPER_EXTENSION = octest;
			};
			name = Release;
		};
/* End XCBuildConfiguration section */

/* Begin XCConfigurationList section */
		99913E0117CB8834004E8C2C /* Build configuration list for PBXProject "ReadingList" */ = {
			isa = XCConfigurationList;
			buildConfigurations = (
				99913E4217CB8835004E8C2C /* Debug */,
				99913E4317CB8835004E8C2C /* Release */,
			);
			defaultConfigurationIsVisible = 0;
			defaultConfigurationName = Release;
		};
		99913E4417CB8835004E8C2C /* Build configuration list for PBXNativeTarget "ReadingList" */ = {
			isa = XCConfigurationList;
			buildConfigurations = (
				99913E4517CB8835004E8C2C /* Debug */,
				99913E4617CB8835004E8C2C /* Release */,
			);
			defaultConfigurationIsVisible = 0;
		};
		99913E4717CB8835004E8C2C /* Build configuration list for PBXNativeTarget "ReadingListTests" */ = {
			isa = XCConfigurationList;
			buildConfigurations = (
				99913E4817CB8835004E8C2C /* Debug */,
				99913E4917CB8835004E8C2C /* Release */,
			);
			defaultConfigurationIsVisible = 0;
		};
/* End XCConfigurationList section */
	};
	rootObject = 99913DFE17CB8834004E8C2C /* Project object */;
}
